# This file is automatically @generated by Cargo.
# It is not intended for manual editing.
version = 4

[[package]]
name = "fkst-local-qa-guest-agent"
version = "0.0.0"

[[package]]
name = "fkst-local-qa-launcher"
version = "0.0.0"

[[package]]
name = "fkst-local-qa-secret-broker"
version = "0.0.0"

[[package]]
name = "fkst-local-qa-supervisor"
version = "0.0.0"
